
Microsoft Visual Studio Solution File, Format Version 12.00
# Visual Studio Version 16
VisualStudioVersion = 16.0.30621.155
MinimumVisualStudioVersion = 10.0.40219.1
Project("{FAE04EC0-301F-11D3-BF4B-00C04F79EFBC}") = "React.NetTutorial", "React.NetTutorial.csproj", "{1008A3F4-3BB5-4F9A-ADBA-5178F03F57E3}"
EndProject
Global
	GlobalSection(SolutionConfigurationPlatforms) = preSolution
		Debug|Any CPU = Debug|Any CPU
		Release|Any CPU = Release|Any CPU
	EndGlobalSection
	GlobalSection(ProjectConfigurationPlatforms) = postSolution
		{1008A3F4-3BB5-4F9A-ADBA-5178F03F57E3}.Debug|Any CPU.ActiveCfg = Debug|Any CPU
		{1008A3F4-3BB5-4F9A-ADBA-5178F03F57E3}.Debug|Any CPU.Build.0 = Debug|Any CPU
		{1008A3F4-3BB5-4F9A-ADBA-5178F03F57E3}.Release|Any CPU.ActiveCfg = Release|Any CPU
		{1008A3F4-3BB5-4F9A-ADBA-5178F03F57E3}.Release|Any CPU.Build.0 = Release|Any CPU
	EndGlobalSection
	GlobalSection(SolutionProperties) = preSolution
		HideSolutionNode = FALSE
	EndGlobalSection
	GlobalSection(ExtensibilityGlobals) = postSolution
		SolutionGuid = {764E99F3-21CD-4D29-8C18-EDB416FE4DE1}
	EndGlobalSection
EndGlobal
